
Microsoft Visual Studio Solution File, Format Version 12.00
# Visual Studio 2017
Project("{FAE04EC0-301F-11D3-BF4B-00C04F79EFBC}") = "BPW2_Planetary.Plugins", "BPW2_Planetary.Plugins.csproj", "{DD087626-9079-365B-8D32-A2C7490CDD6D}"
EndProject
Project("{FAE04EC0-301F-11D3-BF4B-00C04F79EFBC}") = "BPW2_Planetary", "BPW2_Planetary.csproj", "{C6EFA4A8-6F76-D318-1559-A71D6F71A824}"
EndProject
Project("{FAE04EC0-301F-11D3-BF4B-00C04F79EFBC}") = "BPW2_Planetary.Editor.Plugins", "BPW2_Planetary.Editor.Plugins.csproj", "{3EDB9CA3-164F-AEF2-0B72-91722AC9CDA0}"
EndProject
Global
	GlobalSection(SolutionConfigurationPlatforms) = preSolution
		Debug|Any CPU = Debug|Any CPU
		Release|Any CPU = Release|Any CPU
	EndGlobalSection
	GlobalSection(ProjectConfigurationPlatforms) = postSolution
		{DD087626-9079-365B-8D32-A2C7490CDD6D}.Debug|Any CPU.ActiveCfg = Debug|Any CPU
		{DD087626-9079-365B-8D32-A2C7490CDD6D}.Debug|Any CPU.Build.0 = Debug|Any CPU
		{DD087626-9079-365B-8D32-A2C7490CDD6D}.Release|Any CPU.ActiveCfg = Release|Any CPU
		{DD087626-9079-365B-8D32-A2C7490CDD6D}.Release|Any CPU.Build.0 = Release|Any CPU
		{C6EFA4A8-6F76-D318-1559-A71D6F71A824}.Debug|Any CPU.ActiveCfg = Debug|Any CPU
		{C6EFA4A8-6F76-D318-1559-A71D6F71A824}.Debug|Any CPU.Build.0 = Debug|Any CPU
		{C6EFA4A8-6F76-D318-1559-A71D6F71A824}.Release|Any CPU.ActiveCfg = Release|Any CPU
		{C6EFA4A8-6F76-D318-1559-A71D6F71A824}.Release|Any CPU.Build.0 = Release|Any CPU
		{3EDB9CA3-164F-AEF2-0B72-91722AC9CDA0}.Debug|Any CPU.ActiveCfg = Debug|Any CPU
		{3EDB9CA3-164F-AEF2-0B72-91722AC9CDA0}.Debug|Any CPU.Build.0 = Debug|Any CPU
		{3EDB9CA3-164F-AEF2-0B72-91722AC9CDA0}.Release|Any CPU.ActiveCfg = Release|Any CPU
		{3EDB9CA3-164F-AEF2-0B72-91722AC9CDA0}.Release|Any CPU.Build.0 = Release|Any CPU
	EndGlobalSection
	GlobalSection(SolutionProperties) = preSolution
		HideSolutionNode = FALSE
	EndGlobalSection
EndGlobal
